{
  "name": "tsapi",
  "version": "0.0.1",
  "dependencies": {
    "debug": {
      "version": "0.7.4",
      "from": "debug@0.7.4"
    },
    "express": {
      "version": "4.2.0",
      "from": "express@~4.2.0",
      "dependencies": {
        "parseurl": {
          "version": "1.0.1",
          "from": "parseurl@1.0.1"
        },
        "accepts": {
          "version": "1.0.1",
          "from": "accepts@1.0.1",
          "dependencies": {
            "mime": {
              "version": "1.2.11",
              "from": "mime@~1.2.11"
            },
            "negotiator": {
              "version": "0.4.3",
              "from": "negotiator@~0.4.0"
            }
          }
        },
        "type-is": {
          "version": "1.1.0",
          "from": "type-is@1.1.0",
          "dependencies": {
            "mime": {
              "version": "1.2.11",
              "from": "mime@~1.2.11"
            }
          }
        },
        "range-parser": {
          "version": "1.0.0",
          "from": "range-parser@1.0.0"
        },
        "cookie": {
          "version": "0.1.2",
          "from": "cookie@0.1.2"
        },
        "buffer-crc32": {
          "version": "0.2.1",
          "from": "buffer-crc32@0.2.1"
        },
        "fresh": {
          "version": "0.2.2",
          "from": "fresh@0.2.2"
        },
        "methods": {
          "version": "1.0.0",
          "from": "methods@1.0.0"
        },
        "send": {
          "version": "0.3.0",
          "from": "send@0.3.0",
          "dependencies": {
            "debug": {
              "version": "0.8.0",
              "from": "debug@0.8.0"
            },
            "mime": {
              "version": "1.2.11",
              "from": "mime@~1.2.11"
            }
          }
        },
        "cookie-signature": {
          "version": "1.0.3",
          "from": "cookie-signature@1.0.3"
        },
        "merge-descriptors": {
          "version": "0.0.2",
          "from": "merge-descriptors@0.0.2"
        },
        "utils-merge": {
          "version": "1.0.0",
          "from": "utils-merge@1.0.0"
        },
        "escape-html": {
          "version": "1.0.1",
          "from": "escape-html@1.0.1"
        },
        "qs": {
          "version": "0.6.6",
          "from": "qs@0.6.6"
        },
        "serve-static": {
          "version": "1.1.0",
          "from": "serve-static@1.1.0"
        },
        "path-to-regexp": {
          "version": "0.1.2",
          "from": "path-to-regexp@0.1.2"
        },
        "debug": {
          "version": "0.8.1",
          "from": "debug@0.8.1",
          "resolved": "https://registry.npmjs.org/debug/-/debug-0.8.1.tgz"
        }
      }
    },
    "helmet": {
      "version": "0.2.1",
      "from": "helmet@",
      "resolved": "https://registry.npmjs.org/helmet/-/helmet-0.2.1.tgz",
      "dependencies": {
        "platform": {
          "version": "1.0.0",
          "from": "platform@1.0.x",
          "resolved": "https://registry.npmjs.org/platform/-/platform-1.0.0.tgz"
        },
        "underscore": {
          "version": "1.6.0",
          "from": "underscore@1.6.x",
          "resolved": "https://registry.npmjs.org/underscore/-/underscore-1.6.0.tgz"
        }
      }
    },
    "jsonwebtoken": {
      "version": "0.4.0",
      "from": "jsonwebtoken@",
      "dependencies": {
        "jws": {
          "version": "0.2.5",
          "from": "jws@~0.2.2",
          "dependencies": {
            "base64url": {
              "version": "0.0.6",
              "from": "base64url@0.0.6",
              "resolved": "https://registry.npmjs.org/base64url/-/base64url-0.0.6.tgz"
            },
            "jwa": {
              "version": "0.0.1",
              "from": "jwa@0.0.1",
              "resolved": "https://registry.npmjs.org/jwa/-/jwa-0.0.1.tgz"
            }
          }
        }
      }
    },
    "lodash": {
      "version": "2.4.1",
      "from": "lodash@"
    },
    "moment": {
      "version": "2.6.0",
      "from": "moment@"
    },
    "mongodb-uri": {
      "version": "0.9.6",
      "from": "mongodb-uri@",
      "resolved": "https://registry.npmjs.org/mongodb-uri/-/mongodb-uri-0.9.6.tgz"
    },
    "mongoose": {
      "version": "3.8.9",
      "from": "mongoose@",
      "dependencies": {
        "hooks": {
          "version": "0.2.1",
          "from": "hooks@0.2.1"
        },
        "mongodb": {
          "version": "1.4.3",
          "from": "mongodb@1.4.3",
          "dependencies": {
            "bson": {
              "version": "0.2.7",
              "from": "bson@0.2.7",
              "dependencies": {
                "nan": {
                  "version": "0.8.0",
                  "from": "nan@~0.8.0"
                }
              }
            },
            "kerberos": {
              "version": "0.0.3",
              "from": "kerberos@0.0.3"
            }
          }
        },
        "ms": {
          "version": "0.1.0",
          "from": "ms@0.1.0"
        },
        "sliced": {
          "version": "0.0.5",
          "from": "sliced@0.0.5"
        },
        "muri": {
          "version": "0.3.1",
          "from": "muri@0.3.1"
        },
        "mpromise": {
          "version": "0.4.3",
          "from": "mpromise@0.4.3"
        },
        "mpath": {
          "version": "0.1.1",
          "from": "mpath@0.1.1"
        },
        "regexp-clone": {
          "version": "0.0.1",
          "from": "regexp-clone@0.0.1"
        },
        "mquery": {
          "version": "0.7.0",
          "from": "mquery@0.7.0",
          "dependencies": {
            "debug": {
              "version": "0.7.4",
              "from": "debug@0.7.4"
            }
          }
        }
      }
    },
    "mongoose-ts": {
      "version": "0.0.2",
      "from": "git://github.com/jensoleg/mongoose-timeseries",
      "resolved": "git://github.com/jensoleg/mongoose-timeseries#7ed672ce6e55c96b7fc1e914d1884a55bf25ee8c",
      "dependencies": {
        "underscore": {
          "version": "1.6.0",
          "from": "underscore@*",
          "resolved": "https://registry.npmjs.org/underscore/-/underscore-1.6.0.tgz"
        }
      }
    },
    "mqtt": {
      "version": "0.3.9",
      "from": "mqtt@0.3.9",
      "resolved": "https://registry.npmjs.org/mqtt/-/mqtt-0.3.9.tgz",
      "dependencies": {
        "readable-stream": {
          "version": "1.0.27-1",
          "from": "readable-stream@~1.0.2",
          "dependencies": {
            "core-util-is": {
              "version": "1.0.1",
              "from": "core-util-is@~1.0.0"
            },
            "isarray": {
              "version": "0.0.1",
              "from": "isarray@0.0.1"
            },
            "string_decoder": {
              "version": "0.10.25-1",
              "from": "string_decoder@~0.10.x"
            },
            "inherits": {
              "version": "2.0.1",
              "from": "inherits@~2.0.1"
            }
          }
        },
        "bops": {
          "version": "0.1.1",
          "from": "bops@~0.1.1",
          "dependencies": {
            "base64-js": {
              "version": "0.0.2",
              "from": "base64-js@0.0.2"
            },
            "to-utf8": {
              "version": "0.0.1",
              "from": "to-utf8@0.0.1"
            }
          }
        }
      }
    },
    "raw-body": {
      "version": "1.1.5",
      "from": "raw-body@",
      "dependencies": {
        "bytes": {
          "version": "1.0.0",
          "from": "bytes@1"
        }
      }
    }
  }
}
